
Microsoft Visual Studio Solution File, Format Version 12.00
# Visual Studio Version 17
VisualStudioVersion = 17.11.35312.102
MinimumVisualStudioVersion = 10.0.40219.1
Project("{8BC9CEB8-8B4A-11D0-8D11-00A0C91BC942}") = "Proyecto_funcional", "Proyecto_funcional\Proyecto_funcional.vcxproj", "{34B5DE51-5B81-41E9-923E-BF6C217DA7A2}"
EndProject
Global
	GlobalSection(SolutionConfigurationPlatforms) = preSolution
		Debug|x64 = Debug|x64
		Debug|x86 = Debug|x86
		Release|x64 = Release|x64
		Release|x86 = Release|x86
	EndGlobalSection
	GlobalSection(ProjectConfigurationPlatforms) = postSolution
		{34B5DE51-5B81-41E9-923E-BF6C217DA7A2}.Debug|x64.ActiveCfg = Debug|x64
		{34B5DE51-5B81-41E9-923E-BF6C217DA7A2}.Debug|x64.Build.0 = Debug|x64
		{34B5DE51-5B81-41E9-923E-BF6C217DA7A2}.Debug|x86.ActiveCfg = Debug|Win32
		{34B5DE51-5B81-41E9-923E-BF6C217DA7A2}.Debug|x86.Build.0 = Debug|Win32
		{34B5DE51-5B81-41E9-923E-BF6C217DA7A2}.Release|x64.ActiveCfg = Release|x64
		{34B5DE51-5B81-41E9-923E-BF6C217DA7A2}.Release|x64.Build.0 = Release|x64
		{34B5DE51-5B81-41E9-923E-BF6C217DA7A2}.Release|x86.ActiveCfg = Release|Win32
		{34B5DE51-5B81-41E9-923E-BF6C217DA7A2}.Release|x86.Build.0 = Release|Win32
	EndGlobalSection
	GlobalSection(SolutionProperties) = preSolution
		HideSolutionNode = FALSE
	EndGlobalSection
	GlobalSection(ExtensibilityGlobals) = postSolution
		SolutionGuid = {C9B30F30-8818-4269-B404-319AEBE3EE3A}
	EndGlobalSection
EndGlobal
